github.com/gorilla/websocket v1.5.3 h1:saDtZ6Pbx/0u+bgYQ3q96pZgCzfhKXGPqt7kZ72aNNg=
github.com/gorilla/websocket v1.5.3/go.mod h1:YR8l580nyteQvAITg2hZ9XVh4b55+EU/adAjf1fMHhE=
github.com/klauspost/compress v1.18.0 h1:c/Cqfb0r+Yi+JtIEq73FWXVkRonBlf0CRNYc8Zttxdo=
github.com/klauspost/compress v1.18.0/go.mod h1:2Pp+KzxcywXVXMr50+X0Q/Lsb43OQHYWRCY2AiWywWQ=
github.com/stelmakhdigital/stell-ai v0.1.1 h1:3nfmdVFqZ4k3maLfrhk2zht0Ap57XyesFdDxERT1axE=
github.com/stelmakhdigital/stell-ai v0.1.1/go.mod h1:+Din4i3GRXqHvEE5+cfhqUnADHy5xd6l2sj4TJ9HCaM=
